// !$*UTF8*$!
{
	archiveVersion = 1;
	classes = {
	};
	objectVersion = 56;
	objects = {

/* Begin PBXBuildFile section */
		3DE5730429DD2B1800FB5409 /* CircleRingGroupView.swift in Sources */ = {isa = PBXBuildFile; fileRef = 3DE5730329DD2B1800FB5409 /* CircleRingGroupView.swift */; };
		FD20DF4529CDFDCA00BACF09 /* Assets.xcassets in Resources */ = {isa = PBXBuildFile; fileRef = FDD21B8F29CDF68E00F53D90 /* Assets.xcassets */; };
		FD3FD3C629E13380009D84EA /* AudioPlayer.swift in Sources */ = {isa = PBXBuildFile; fileRef = FD3FD3C529E13380009D84EA /* AudioPlayer.swift */; };
		FDB3CD8029D86C2E00375831 /* OnboardingView.swift in Sources */ = {isa = PBXBuildFile; fileRef = FDB3CD7F29D86C2E00375831 /* OnboardingView.swift */; };
		FDB3CD8229D86C3800375831 /* HomeView.swift in Sources */ = {isa = PBXBuildFile; fileRef = FDB3CD8129D86C3800375831 /* HomeView.swift */; };
		FDD21B8C29CDF68D00F53D90 /* RestartApp.swift in Sources */ = {isa = PBXBuildFile; fileRef = FDD21B8B29CDF68D00F53D90 /* RestartApp.swift */; };
		FDD21B8E29CDF68D00F53D90 /* ContentView.swift in Sources */ = {isa = PBXBuildFile; fileRef = FDD21B8D29CDF68D00F53D90 /* ContentView.swift */; };
		FDD21B9329CDF68E00F53D90 /* Preview Assets.xcassets in Resources */ = {isa = PBXBuildFile; fileRef = FDD21B9229CDF68E00F53D90 /* Preview Assets.xcassets */; };
		FDD21B9B29CDF74E00F53D90 /* success.m4a in Resources */ = {isa = PBXBuildFile; fileRef = FDD21B9929CDF74E00F53D90 /* success.m4a */; };
		FDD21B9C29CDF74E00F53D90 /* chimeup.mp3 in Resources */ = {isa = PBXBuildFile; fileRef = FDD21B9A29CDF74E00F53D90 /* chimeup.mp3 */; };
/* End PBXBuildFile section */

/* Begin PBXFileReference section */
		3DE5730329DD2B1800FB5409 /* CircleRingGroupView.swift */ = {isa = PBXFileReference; lastKnownFileType = sourcecode.swift; path = CircleRingGroupView.swift; sourceTree = "<group>"; };
		FD3FD3C529E13380009D84EA /* AudioPlayer.swift */ = {isa = PBXFileReference; lastKnownFileType = sourcecode.swift; path = AudioPlayer.swift; sourceTree = "<group>"; };
		FDB3CD7E29D86BAF00375831 /* Info.plist */ = {isa = PBXFileReference; lastKnownFileType = text.plist; path = Info.plist; sourceTree = "<group>"; };
		FDB3CD7F29D86C2E00375831 /* OnboardingView.swift */ = {isa = PBXFileReference; lastKnownFileType = sourcecode.swift; path = OnboardingView.swift; sourceTree = "<group>"; };
		FDB3CD8129D86C3800375831 /* HomeView.swift */ = {isa = PBXFileReference; lastKnownFileType = sourcecode.swift; path = HomeView.swift; sourceTree = "<group>"; };
		FDD21B8829CDF68D00F53D90 /* Restart.app */ = {isa = PBXFileReference; explicitFileType = wrapper.application; includeInIndex = 0; path = Restart.app; sourceTree = BUILT_PRODUCTS_DIR; };
		FDD21B8B29CDF68D00F53D90 /* RestartApp.swift */ = {isa = PBXFileReference; lastKnownFileType = sourcecode.swift; path = RestartApp.swift; sourceTree = "<group>"; };
		FDD21B8D29CDF68D00F53D90 /* ContentView.swift */ = {isa = PBXFileReference; lastKnownFileType = sourcecode.swift; path = ContentView.swift; sourceTree = "<group>"; };
		FDD21B8F29CDF68E00F53D90 /* Assets.xcassets */ = {isa = PBXFileReference; lastKnownFileType = folder.assetcatalog; path = Assets.xcassets; sourceTree = "<group>"; };
		FDD21B9229CDF68E00F53D90 /* Preview Assets.xcassets */ = {isa = PBXFileReference; lastKnownFileType = folder.assetcatalog; path = "Preview Assets.xcassets"; sourceTree = "<group>"; };
		FDD21B9929CDF74E00F53D90 /* success.m4a */ = {isa = PBXFileReference; lastKnownFileType = file; path = success.m4a; sourceTree = "<group>"; };
		FDD21B9A29CDF74E00F53D90 /* chimeup.mp3 */ = {isa = PBXFileReference; lastKnownFileType = audio.mp3; path = chimeup.mp3; sourceTree = "<group>"; };
/* End PBXFileReference section */

/* Begin PBXFrameworksBuildPhase section */
		FDD21B8529CDF68D00F53D90 /* Frameworks */ = {
			isa = PBXFrameworksBuildPhase;
			buildActionMask = 2147483647;
			files = (
			);
			runOnlyForDeploymentPostprocessing = 0;
		};
/* End PBXFrameworksBuildPhase section */

/* Begin PBXGroup section */
		3DE5730529DD2B4200FB5409 /* Views */ = {
			isa = PBXGroup;
			children = (
				3DE5730329DD2B1800FB5409 /* CircleRingGroupView.swift */,
			);
			path = Views;
			sourceTree = "<group>";
		};
		FD3FD3C429E13370009D84EA /* Utility */ = {
			isa = PBXGroup;
			children = (
				FD3FD3C529E13380009D84EA /* AudioPlayer.swift */,
			);
			path = Utility;
			sourceTree = "<group>";
		};
		FDD21B7F29CDF68D00F53D90 = {
			isa = PBXGroup;
			children = (
				FDD21B8A29CDF68D00F53D90 /* Restart */,
				FDD21B8929CDF68D00F53D90 /* Products */,
			);
			sourceTree = "<group>";
		};
		FDD21B8929CDF68D00F53D90 /* Products */ = {
			isa = PBXGroup;
			children = (
				FDD21B8829CDF68D00F53D90 /* Restart.app */,
			);
			name = Products;
			sourceTree = "<group>";
		};
		FDD21B8A29CDF68D00F53D90 /* Restart */ = {
			isa = PBXGroup;
			children = (
				FD3FD3C429E13370009D84EA /* Utility */,
				FDB3CD7E29D86BAF00375831 /* Info.plist */,
				FDD21B9D29CDF76300F53D90 /* Sounds */,
				FDD21B8B29CDF68D00F53D90 /* RestartApp.swift */,
				FDD21B9E29CDF88F00F53D90 /* Screens */,
				FDD21B8F29CDF68E00F53D90 /* Assets.xcassets */,
				FDD21B9129CDF68E00F53D90 /* Preview Content */,
				3DE5730529DD2B4200FB5409 /* Views */,
			);
			path = Restart;
			sourceTree = "<group>";
		};
		FDD21B9129CDF68E00F53D90 /* Preview Content */ = {
			isa = PBXGroup;
			children = (
				FDD21B9229CDF68E00F53D90 /* Preview Assets.xcassets */,
			);
			path = "Preview Content";
			sourceTree = "<group>";
		};
		FDD21B9D29CDF76300F53D90 /* Sounds */ = {
			isa = PBXGroup;
			children = (
				FDD21B9A29CDF74E00F53D90 /* chimeup.mp3 */,
				FDD21B9929CDF74E00F53D90 /* success.m4a */,
			);
			path = Sounds;
			sourceTree = "<group>";
		};
		FDD21B9E29CDF88F00F53D90 /* Screens */ = {
			isa = PBXGroup;
			children = (
				FDD21B8D29CDF68D00F53D90 /* ContentView.swift */,
				FDB3CD7F29D86C2E00375831 /* OnboardingView.swift */,
				FDB3CD8129D86C3800375831 /* HomeView.swift */,
			);
			path = Screens;
			sourceTree = "<group>";
		};
/* End PBXGroup section */

/* Begin PBXNativeTarget section */
		FDD21B8729CDF68D00F53D90 /* Restart */ = {
			isa = PBXNativeTarget;
			buildConfigurationList = FDD21B9629CDF68E00F53D90 /* Build configuration list for PBXNativeTarget "Restart" */;
			buildPhases = (
				FDD21B8429CDF68D00F53D90 /* Sources */,
				FDD21B8529CDF68D00F53D90 /* Frameworks */,
				FDD21B8629CDF68D00F53D90 /* Resources */,
			);
			buildRules = (
			);
			dependencies = (
			);
			name = Restart;
			productName = Restart;
			productReference = FDD21B8829CDF68D00F53D90 /* Restart.app */;
			productType = "com.apple.product-type.application";
		};
/* End PBXNativeTarget section */

/* Begin PBXProject section */
		FDD21B8029CDF68D00F53D90 /* Project object */ = {
			isa = PBXProject;
			attributes = {
				BuildIndependentTargetsInParallel = 1;
				LastSwiftUpdateCheck = 1420;
				LastUpgradeCheck = 1420;
				TargetAttributes = {
					FDD21B8729CDF68D00F53D90 = {
						CreatedOnToolsVersion = 14.2;
					};
				};
			};
			buildConfigurationList = FDD21B8329CDF68D00F53D90 /* Build configuration list for PBXProject "Restart" */;
			compatibilityVersion = "Xcode 14.0";
			developmentRegion = en;
			hasScannedForEncodings = 0;
			knownRegions = (
				en,
				Base,
			);
			mainGroup = FDD21B7F29CDF68D00F53D90;
			productRefGroup = FDD21B8929CDF68D00F53D90 /* Products */;
			projectDirPath = "";
			projectRoot = "";
			targets = (
				FDD21B8729CDF68D00F53D90 /* Restart */,
			);
		};
/* End PBXProject section */

/* Begin PBXResourcesBuildPhase section */
		FDD21B8629CDF68D00F53D90 /* Resources */ = {
			isa = PBXResourcesBuildPhase;
			buildActionMask = 2147483647;
			files = (
				FDD21B9C29CDF74E00F53D90 /* chimeup.mp3 in Resources */,
				FDD21B9329CDF68E00F53D90 /* Preview Assets.xcassets in Resources */,
				FD20DF4529CDFDCA00BACF09 /* Assets.xcassets in Resources */,
				FDD21B9B29CDF74E00F53D90 /* success.m4a in Resources */,
			);
			runOnlyForDeploymentPostprocessing = 0;
		};
/* End PBXResourcesBuildPhase section */

/* Begin PBXSourcesBuildPhase section */
		FDD21B8429CDF68D00F53D90 /* Sources */ = {
			isa = PBXSourcesBuildPhase;
			buildActionMask = 2147483647;
			files = (
				FDB3CD8029D86C2E00375831 /* OnboardingView.swift in Sources */,
				FDB3CD8229D86C3800375831 /* HomeView.swift in Sources */,
				FDD21B8E29CDF68D00F53D90 /* ContentView.swift in Sources */,
				3DE5730429DD2B1800FB5409 /* CircleRingGroupView.swift in Sources */,
				FDD21B8C29CDF68D00F53D90 /* RestartApp.swift in Sources */,
				FD3FD3C629E13380009D84EA /* AudioPlayer.swift in Sources */,
			);
			runOnlyForDeploymentPostprocessing = 0;
		};
/* End PBXSourcesBuildPhase section */

/* Begin XCBuildConfiguration section */
		FDD21B9429CDF68E00F53D90 /* Debug */ = {
			isa = XCBuildConfiguration;
			buildSettings = {
				ALWAYS_SEARCH_USER_PATHS = NO;
				CLANG_ANALYZER_NONNULL = YES;
				CLANG_ANALYZER_NUMBER_OBJECT_CONVERSION = YES_AGGRESSIVE;
				CLANG_CXX_LANGUAGE_STANDARD = "gnu++20";
				CLANG_ENABLE_MODULES = YES;
				CLANG_ENABLE_OBJC_ARC = YES;
				CLANG_ENABLE_OBJC_WEAK = YES;
				CLANG_WARN_BLOCK_CAPTURE_AUTORELEASING = YES;
				CLANG_WARN_BOOL_CONVERSION = YES;
				CLANG_WARN_COMMA = YES;
				CLANG_WARN_CONSTANT_CONVERSION = YES;
				CLANG_WARN_DEPRECATED_OBJC_IMPLEMENTATIONS = YES;
				CLANG_WARN_DIRECT_OBJC_ISA_USAGE = YES_ERROR;
				CLANG_WARN_DOCUMENTATION_COMMENTS = YES;
				CLANG_WARN_EMPTY_BODY = YES;
				CLANG_WARN_ENUM_CONVERSION = YES;
				CLANG_WARN_INFINITE_RECURSION = YES;
				CLANG_WARN_INT_CONVERSION = YES;
				CLANG_WARN_NON_LITERAL_NULL_CONVERSION = YES;
				CLANG_WARN_OBJC_IMPLICIT_RETAIN_SELF = YES;
				CLANG_WARN_OBJC_LITERAL_CONVERSION = YES;
				CLANG_WARN_OBJC_ROOT_CLASS = YES_ERROR;
				CLANG_WARN_QUOTED_INCLUDE_IN_FRAMEWORK_HEADER = YES;
				CLANG_WARN_RANGE_LOOP_ANALYSIS = YES;
				CLANG_WARN_STRICT_PROTOTYPES = YES;
				CLANG_WARN_SUSPICIOUS_MOVE = YES;
				CLANG_WARN_UNGUARDED_AVAILABILITY = YES_AGGRESSIVE;
				CLANG_WARN_UNREACHABLE_CODE = YES;
				CLANG_WARN__DUPLICATE_METHOD_MATCH = YES;
				COPY_PHASE_STRIP = NO;
				DEBUG_INFORMATION_FORMAT = dwarf;
				ENABLE_STRICT_OBJC_MSGSEND = YES;
				ENABLE_TESTABILITY = YES;
				GCC_C_LANGUAGE_STANDARD = gnu11;
				GCC_DYNAMIC_NO_PIC = NO;
				GCC_NO_COMMON_BLOCKS = YES;
				GCC_OPTIMIZATION_LEVEL = 0;
				GCC_PREPROCESSOR_DEFINITIONS = (
					"DEBUG=1",
					"$(inherited)",
				);
				GCC_WARN_64_TO_32_BIT_CONVERSION = YES;
				GCC_WARN_ABOUT_RETURN_TYPE = YES_ERROR;
				GCC_WARN_UNDECLARED_SELECTOR = YES;
				GCC_WARN_UNINITIALIZED_AUTOS = YES_AGGRESSIVE;
				GCC_WARN_UNUSED_FUNCTION = YES;
				GCC_WARN_UNUSED_VARIABLE = YES;
				IPHONEOS_DEPLOYMENT_TARGET = 16.2;
				MTL_ENABLE_DEBUG_INFO = INCLUDE_SOURCE;
				MTL_FAST_MATH = YES;
				ONLY_ACTIVE_ARCH = YES;
				SDKROOT = iphoneos;
				SWIFT_ACTIVE_COMPILATION_CONDITIONS = DEBUG;
				SWIFT_OPTIMIZATION_LEVEL = "-Onone";
			};
			name = Debug;
		};
		FDD21B9529CDF68E00F53D90 /* Release */ = {
			isa = XCBuildConfiguration;
			buildSettings = {
				ALWAYS_SEARCH_USER_PATHS = NO;
				CLANG_ANALYZER_NONNULL = YES;
				CLANG_ANALYZER_NUMBER_OBJECT_CONVERSION = YES_AGGRESSIVE;
				CLANG_CXX_LANGUAGE_STANDARD = "gnu++20";
				CLANG_ENABLE_MODULES = YES;
				CLANG_ENABLE_OBJC_ARC = YES;
				CLANG_ENABLE_OBJC_WEAK = YES;
				CLANG_WARN_BLOCK_CAPTURE_AUTORELEASING = YES;
				CLANG_WARN_BOOL_CONVERSION = YES;
				CLANG_WARN_COMMA = YES;
				CLANG_WARN_CONSTANT_CONVERSION = YES;
				CLANG_WARN_DEPRECATED_OBJC_IMPLEMENTATIONS = YES;
				CLANG_WARN_DIRECT_OBJC_ISA_USAGE = YES_ERROR;
				CLANG_WARN_DOCUMENTATION_COMMENTS = YES;
				CLANG_WARN_EMPTY_BODY = YES;
				CLANG_WARN_ENUM_CONVERSION = YES;
				CLANG_WARN_INFINITE_RECURSION = YES;
				CLANG_WARN_INT_CONVERSION = YES;
				CLANG_WARN_NON_LITERAL_NULL_CONVERSION = YES;
				CLANG_WARN_OBJC_IMPLICIT_RETAIN_SELF = YES;
				CLANG_WARN_OBJC_LITERAL_CONVERSION = YES;
				CLANG_WARN_OBJC_ROOT_CLASS = YES_ERROR;
				CLANG_WARN_QUOTED_INCLUDE_IN_FRAMEWORK_HEADER = YES;
				CLANG_WARN_RANGE_LOOP_ANALYSIS = YES;
				CLANG_WARN_STRICT_PROTOTYPES = YES;
				CLANG_WARN_SUSPICIOUS_MOVE = YES;
				CLANG_WARN_UNGUARDED_AVAILABILITY = YES_AGGRESSIVE;
				CLANG_WARN_UNREACHABLE_CODE = YES;
				CLANG_WARN__DUPLICATE_METHOD_MATCH = YES;
				COPY_PHASE_STRIP = NO;
				DEBUG_INFORMATION_FORMAT = "dwarf-with-dsym";
				ENABLE_NS_ASSERTIONS = NO;
				ENABLE_STRICT_OBJC_MSGSEND = YES;
				GCC_C_LANGUAGE_STANDARD = gnu11;
				GCC_NO_COMMON_BLOCKS = YES;
				GCC_WARN_64_TO_32_BIT_CONVERSION = YES;
				GCC_WARN_ABOUT_RETURN_TYPE = YES_ERROR;
				GCC_WARN_UNDECLARED_SELECTOR = YES;
				GCC_WARN_UNINITIALIZED_AUTOS = YES_AGGRESSIVE;
				GCC_WARN_UNUSED_FUNCTION = YES;
				GCC_WARN_UNUSED_VARIABLE = YES;
				IPHONEOS_DEPLOYMENT_TARGET = 16.2;
				MTL_ENABLE_DEBUG_INFO = NO;
				MTL_FAST_MATH = YES;
				SDKROOT = iphoneos;
				SWIFT_COMPILATION_MODE = wholemodule;
				SWIFT_OPTIMIZATION_LEVEL = "-O";
				VALIDATE_PRODUCT = YES;
			};
			name = Release;
		};
		FDD21B9729CDF68E00F53D90 /* Debug */ = {
			isa = XCBuildConfiguration;
			buildSettings = {
				ASSETCATALOG_COMPILER_APPICON_NAME = AppIcon;
				ASSETCATALOG_COMPILER_GLOBAL_ACCENT_COLOR_NAME = AccentColor;
				ASSETCATALOG_COMPILER_INCLUDE_ALL_APPICON_ASSETS = YES;
				CODE_SIGN_STYLE = Automatic;
				CURRENT_PROJECT_VERSION = 1;
				DEVELOPMENT_ASSET_PATHS = "\"Restart/Preview Content\"";
				DEVELOPMENT_TEAM = 73KCV296Q9;
				ENABLE_PREVIEWS = YES;
				GENERATE_INFOPLIST_FILE = YES;
				INFOPLIST_FILE = Restart/Info.plist;
				INFOPLIST_KEY_UIApplicationSceneManifest_Generation = YES;
				INFOPLIST_KEY_UIApplicationSupportsIndirectInputEvents = YES;
				INFOPLIST_KEY_UISupportedInterfaceOrientations_iPad = "UIInterfaceOrientationPortrait UIInterfaceOrientationPortraitUpsideDown UIInterfaceOrientationLandscapeLeft UIInterfaceOrientationLandscapeRight";
				INFOPLIST_KEY_UISupportedInterfaceOrientations_iPhone = UIInterfaceOrientationPortrait;
				IPHONEOS_DEPLOYMENT_TARGET = 15.0;
				LD_RUNPATH_SEARCH_PATHS = (
					"$(inherited)",
					"@executable_path/Frameworks",
				);
				MARKETING_VERSION = 1.0;
				PRODUCT_BUNDLE_IDENTIFIER = com.rehnuma.Restart;
				PRODUCT_NAME = "$(TARGET_NAME)";
				SWIFT_EMIT_LOC_STRINGS = YES;
				SWIFT_VERSION = 5.0;
				TARGETED_DEVICE_FAMILY = "1,2";
			};
			name = Debug;
		};
		FDD21B9829CDF68E00F53D90 /* Release */ = {
			isa = XCBuildConfiguration;
			buildSettings = {
				ASSETCATALOG_COMPILER_APPICON_NAME = AppIcon;
				ASSETCATALOG_COMPILER_GLOBAL_ACCENT_COLOR_NAME = AccentColor;
				ASSETCATALOG_COMPILER_INCLUDE_ALL_APPICON_ASSETS = YES;
				CODE_SIGN_STYLE = Automatic;
				CURRENT_PROJECT_VERSION = 1;
				DEVELOPMENT_ASSET_PATHS = "\"Restart/Preview Content\"";
				DEVELOPMENT_TEAM = 73KCV296Q9;
				ENABLE_PREVIEWS = YES;
				GENERATE_INFOPLIST_FILE = YES;
				INFOPLIST_FILE = Restart/Info.plist;
				INFOPLIST_KEY_UIApplicationSceneManifest_Generation = YES;
				INFOPLIST_KEY_UIApplicationSupportsIndirectInputEvents = YES;
				INFOPLIST_KEY_UISupportedInterfaceOrientations_iPad = "UIInterfaceOrientationPortrait UIInterfaceOrientationPortraitUpsideDown UIInterfaceOrientationLandscapeLeft UIInterfaceOrientationLandscapeRight";
				INFOPLIST_KEY_UISupportedInterfaceOrientations_iPhone = UIInterfaceOrientationPortrait;
				IPHONEOS_DEPLOYMENT_TARGET = 15.0;
				LD_RUNPATH_SEARCH_PATHS = (
					"$(inherited)",
					"@executable_path/Frameworks",
				);
				MARKETING_VERSION = 1.0;
				PRODUCT_BUNDLE_IDENTIFIER = com.rehnuma.Restart;
				PRODUCT_NAME = "$(TARGET_NAME)";
				SWIFT_EMIT_LOC_STRINGS = YES;
				SWIFT_VERSION = 5.0;
				TARGETED_DEVICE_FAMILY = "1,2";
			};
			name = Release;
		};
/* End XCBuildConfiguration section */

/* Begin XCConfigurationList section */
		FDD21B8329CDF68D00F53D90 /* Build configuration list for PBXProject "Restart" */ = {
			isa = XCConfigurationList;
			buildConfigurations = (
				FDD21B9429CDF68E00F53D90 /* Debug */,
				FDD21B9529CDF68E00F53D90 /* Release */,
			);
			defaultConfigurationIsVisible = 0;
			defaultConfigurationName = Release;
		};
		FDD21B9629CDF68E00F53D90 /* Build configuration list for PBXNativeTarget "Restart" */ = {
			isa = XCConfigurationList;
			buildConfigurations = (
				FDD21B9729CDF68E00F53D90 /* Debug */,
				FDD21B9829CDF68E00F53D90 /* Release */,
			);
			defaultConfigurationIsVisible = 0;
			defaultConfigurationName = Release;
		};
/* End XCConfigurationList section */
	};
	rootObject = FDD21B8029CDF68D00F53D90 /* Project object */;
}
